
Microsoft Visual Studio Solution File, Format Version 12.00
# Visual Studio Version 18
VisualStudioVersion = 18.5.11801.241
MinimumVisualStudioVersion = 10.0.40219.1
Project("{FAE04EC0-301F-11D3-BF4B-00C04F79EFBC}") = "examScheduler", "examScheduler\examScheduler.csproj", "{1CA7F25F-F9A6-A396-9058-6A651C03FD6A}"
EndProject
Project("{FAE04EC0-301F-11D3-BF4B-00C04F79EFBC}") = "examScheduler.AppHost", "examScheduler.AppHost\examScheduler.AppHost.csproj", "{3401DC51-7243-40A9-8CEA-B9847B51689E}"
EndProject
Project("{FAE04EC0-301F-11D3-BF4B-00C04F79EFBC}") = "examScheduler.ServiceDefaults", "examScheduler.ServiceDefaults\examScheduler.ServiceDefaults.csproj", "{5C3644A9-578A-A750-2F9C-79371FC23F21}"
EndProject
Project("{FAE04EC0-301F-11D3-BF4B-00C04F79EFBC}") = "registerClient", "RegisterClient\registerClient.csproj", "{7297D2BB-8A38-4DE1-AE45-87C272B3AA74}"
EndProject
Project("{FAE04EC0-301F-11D3-BF4B-00C04F79EFBC}") = "Models", "Models\Models.csproj", "{09115858-A9D8-455C-942E-488E1EE3C2A2}"
EndProject
Project("{FAE04EC0-301F-11D3-BF4B-00C04F79EFBC}") = "Util", "Util\Util.csproj", "{F9E6D113-9846-43C1-8A27-D4B3B1E30917}"
EndProject
Project("{FAE04EC0-301F-11D3-BF4B-00C04F79EFBC}") = "Entities", "Entities\Entities.csproj", "{B9D912CD-2F2A-430C-A702-FB961E751349}"
EndProject
Project("{FAE04EC0-301F-11D3-BF4B-00C04F79EFBC}") = "DataValidation", "DataValidation\DataValidation.csproj", "{68730948-93C9-4AAB-A8FC-5769290600EB}"
EndProject
Project("{FAE04EC0-301F-11D3-BF4B-00C04F79EFBC}") = "Tests", "Tests\Tests.csproj", "{44A85D28-5AFE-40EF-B1BB-CBDDE7040625}"
EndProject
Project("{FAE04EC0-301F-11D3-BF4B-00C04F79EFBC}") = "test", "test\test.csproj", "{53EA8B63-5377-4838-A91F-DDAB39672025}"
EndProject
Global
	GlobalSection(SolutionConfigurationPlatforms) = preSolution
		Debug|Any CPU = Debug|Any CPU
		Release|Any CPU = Release|Any CPU
	EndGlobalSection
	GlobalSection(ProjectConfigurationPlatforms) = postSolution
		{1CA7F25F-F9A6-A396-9058-6A651C03FD6A}.Debug|Any CPU.ActiveCfg = Debug|Any CPU
		{1CA7F25F-F9A6-A396-9058-6A651C03FD6A}.Debug|Any CPU.Build.0 = Debug|Any CPU
		{1CA7F25F-F9A6-A396-9058-6A651C03FD6A}.Release|Any CPU.ActiveCfg = Release|Any CPU
		{1CA7F25F-F9A6-A396-9058-6A651C03FD6A}.Release|Any CPU.Build.0 = Release|Any CPU
		{3401DC51-7243-40A9-8CEA-B9847B51689E}.Debug|Any CPU.ActiveCfg = Debug|Any CPU
		{3401DC51-7243-40A9-8CEA-B9847B51689E}.Debug|Any CPU.Build.0 = Debug|Any CPU
		{3401DC51-7243-40A9-8CEA-B9847B51689E}.Release|Any CPU.ActiveCfg = Release|Any CPU
		{3401DC51-7243-40A9-8CEA-B9847B51689E}.Release|Any CPU.Build.0 = Release|Any CPU
		{5C3644A9-578A-A750-2F9C-79371FC23F21}.Debug|Any CPU.ActiveCfg = Debug|Any CPU
		{5C3644A9-578A-A750-2F9C-79371FC23F21}.Debug|Any CPU.Build.0 = Debug|Any CPU
		{5C3644A9-578A-A750-2F9C-79371FC23F21}.Release|Any CPU.ActiveCfg = Release|Any CPU
		{5C3644A9-578A-A750-2F9C-79371FC23F21}.Release|Any CPU.Build.0 = Release|Any CPU
		{7297D2BB-8A38-4DE1-AE45-87C272B3AA74}.Debug|Any CPU.ActiveCfg = Debug|Any CPU
		{7297D2BB-8A38-4DE1-AE45-87C272B3AA74}.Debug|Any CPU.Build.0 = Debug|Any CPU
		{7297D2BB-8A38-4DE1-AE45-87C272B3AA74}.Release|Any CPU.ActiveCfg = Release|Any CPU
		{7297D2BB-8A38-4DE1-AE45-87C272B3AA74}.Release|Any CPU.Build.0 = Release|Any CPU
		{09115858-A9D8-455C-942E-488E1EE3C2A2}.Debug|Any CPU.ActiveCfg = Debug|Any CPU
		{09115858-A9D8-455C-942E-488E1EE3C2A2}.Debug|Any CPU.Build.0 = Debug|Any CPU
		{09115858-A9D8-455C-942E-488E1EE3C2A2}.Release|Any CPU.ActiveCfg = Release|Any CPU
		{09115858-A9D8-455C-942E-488E1EE3C2A2}.Release|Any CPU.Build.0 = Release|Any CPU
		{F9E6D113-9846-43C1-8A27-D4B3B1E30917}.Debug|Any CPU.ActiveCfg = Debug|Any CPU
		{F9E6D113-9846-43C1-8A27-D4B3B1E30917}.Debug|Any CPU.Build.0 = Debug|Any CPU
		{F9E6D113-9846-43C1-8A27-D4B3B1E30917}.Release|Any CPU.ActiveCfg = Release|Any CPU
		{F9E6D113-9846-43C1-8A27-D4B3B1E30917}.Release|Any CPU.Build.0 = Release|Any CPU
		{B9D912CD-2F2A-430C-A702-FB961E751349}.Debug|Any CPU.ActiveCfg = Debug|Any CPU
		{B9D912CD-2F2A-430C-A702-FB961E751349}.Debug|Any CPU.Build.0 = Debug|Any CPU
		{B9D912CD-2F2A-430C-A702-FB961E751349}.Release|Any CPU.ActiveCfg = Release|Any CPU
		{B9D912CD-2F2A-430C-A702-FB961E751349}.Release|Any CPU.Build.0 = Release|Any CPU
		{68730948-93C9-4AAB-A8FC-5769290600EB}.Debug|Any CPU.ActiveCfg = Debug|Any CPU
		{68730948-93C9-4AAB-A8FC-5769290600EB}.Debug|Any CPU.Build.0 = Debug|Any CPU
		{68730948-93C9-4AAB-A8FC-5769290600EB}.Release|Any CPU.ActiveCfg = Release|Any CPU
		{68730948-93C9-4AAB-A8FC-5769290600EB}.Release|Any CPU.Build.0 = Release|Any CPU
		{44A85D28-5AFE-40EF-B1BB-CBDDE7040625}.Debug|Any CPU.ActiveCfg = Debug|Any CPU
		{44A85D28-5AFE-40EF-B1BB-CBDDE7040625}.Debug|Any CPU.Build.0 = Debug|Any CPU
		{44A85D28-5AFE-40EF-B1BB-CBDDE7040625}.Release|Any CPU.ActiveCfg = Release|Any CPU
		{44A85D28-5AFE-40EF-B1BB-CBDDE7040625}.Release|Any CPU.Build.0 = Release|Any CPU
		{53EA8B63-5377-4838-A91F-DDAB39672025}.Debug|Any CPU.ActiveCfg = Debug|Any CPU
		{53EA8B63-5377-4838-A91F-DDAB39672025}.Debug|Any CPU.Build.0 = Debug|Any CPU
		{53EA8B63-5377-4838-A91F-DDAB39672025}.Release|Any CPU.ActiveCfg = Release|Any CPU
		{53EA8B63-5377-4838-A91F-DDAB39672025}.Release|Any CPU.Build.0 = Release|Any CPU
	EndGlobalSection
	GlobalSection(SolutionProperties) = preSolution
		HideSolutionNode = FALSE
	EndGlobalSection
	GlobalSection(ExtensibilityGlobals) = postSolution
		SolutionGuid = {5BC31774-AA84-49C1-84BF-9A8425382390}
	EndGlobalSection
EndGlobal
